
Microsoft Visual Studio Solution File, Format Version 12.00
# Visual Studio Version 17
VisualStudioVersion = 17.8.34322.80
MinimumVisualStudioVersion = 10.0.40219.1
Project("{FAE04EC0-301F-11D3-BF4B-00C04F79EFBC}") = "BlazorJSDemo", "BlazorJSDemo\BlazorJSDemo.csproj", "{52AB8CE8-7C09-420D-81C2-E6B9A6863DCC}"
EndProject
Project("{FAE04EC0-301F-11D3-BF4B-00C04F79EFBC}") = "BlazorJS", "BlazorJS\BlazorJS.csproj", "{F42DCE10-AF82-412F-9732-AA1A974BF0FB}"
EndProject
Global
	GlobalSection(SolutionConfigurationPlatforms) = preSolution
		Debug|Any CPU = Debug|Any CPU
		Release|Any CPU = Release|Any CPU
	EndGlobalSection
	GlobalSection(ProjectConfigurationPlatforms) = postSolution
		{52AB8CE8-7C09-420D-81C2-E6B9A6863DCC}.Debug|Any CPU.ActiveCfg = Debug|Any CPU
		{52AB8CE8-7C09-420D-81C2-E6B9A6863DCC}.Debug|Any CPU.Build.0 = Debug|Any CPU
		{52AB8CE8-7C09-420D-81C2-E6B9A6863DCC}.Release|Any CPU.ActiveCfg = Release|Any CPU
		{52AB8CE8-7C09-420D-81C2-E6B9A6863DCC}.Release|Any CPU.Build.0 = Release|Any CPU
		{F42DCE10-AF82-412F-9732-AA1A974BF0FB}.Debug|Any CPU.ActiveCfg = Debug|Any CPU
		{F42DCE10-AF82-412F-9732-AA1A974BF0FB}.Debug|Any CPU.Build.0 = Debug|Any CPU
		{F42DCE10-AF82-412F-9732-AA1A974BF0FB}.Release|Any CPU.ActiveCfg = Release|Any CPU
		{F42DCE10-AF82-412F-9732-AA1A974BF0FB}.Release|Any CPU.Build.0 = Release|Any CPU
	EndGlobalSection
	GlobalSection(SolutionProperties) = preSolution
		HideSolutionNode = FALSE
	EndGlobalSection
	GlobalSection(ExtensibilityGlobals) = postSolution
		SolutionGuid = {CBC1FA59-73FD-4DAF-83AF-CEF226107BFA}
	EndGlobalSection
EndGlobal
